
Microsoft Visual Studio Solution File, Format Version 12.00
# Visual Studio Version 16
VisualStudioVersion = 16.0.30611.23
MinimumVisualStudioVersion = 10.0.40219.1
Project("{FAE04EC0-301F-11D3-BF4B-00C04F79EFBC}") = "LB1-Class", "LB1-Class\LB1-Class.csproj", "{304F22CF-08FE-4CF2-8E6F-4E8DCAB07317}"
EndProject
Global
	GlobalSection(SolutionConfigurationPlatforms) = preSolution
		Debug|Any CPU = Debug|Any CPU
		Release|Any CPU = Release|Any CPU
	EndGlobalSection
	GlobalSection(ProjectConfigurationPlatforms) = postSolution
		{304F22CF-08FE-4CF2-8E6F-4E8DCAB07317}.Debug|Any CPU.ActiveCfg = Debug|Any CPU
		{304F22CF-08FE-4CF2-8E6F-4E8DCAB07317}.Debug|Any CPU.Build.0 = Debug|Any CPU
		{304F22CF-08FE-4CF2-8E6F-4E8DCAB07317}.Release|Any CPU.ActiveCfg = Release|Any CPU
		{304F22CF-08FE-4CF2-8E6F-4E8DCAB07317}.Release|Any CPU.Build.0 = Release|Any CPU
	EndGlobalSection
	GlobalSection(SolutionProperties) = preSolution
		HideSolutionNode = FALSE
	EndGlobalSection
	GlobalSection(ExtensibilityGlobals) = postSolution
		SolutionGuid = {4D26CEEF-F384-476F-A7CF-FCAC97A2643D}
	EndGlobalSection
EndGlobal
